// !$*UTF8*$!
{
	archiveVersion = 1;
	classes = {
	};
	objectVersion = 50;
	objects = {

/* Begin PBXBuildFile section */
		FD2C2B2326D66CA8007BA415 /* PokemonInfoView.swift in Sources */ = {isa = PBXBuildFile; fileRef = FD2C2B2226D66CA8007BA415 /* PokemonInfoView.swift */; };
		FD44FF3826CFC97000EA8C41 /* AppDelegate.swift in Sources */ = {isa = PBXBuildFile; fileRef = FD44FF3726CFC97000EA8C41 /* AppDelegate.swift */; };
		FD44FF3A26CFC97000EA8C41 /* SceneDelegate.swift in Sources */ = {isa = PBXBuildFile; fileRef = FD44FF3926CFC97000EA8C41 /* SceneDelegate.swift */; };
		FD44FF3C26CFC97000EA8C41 /* ViewController.swift in Sources */ = {isa = PBXBuildFile; fileRef = FD44FF3B26CFC97000EA8C41 /* ViewController.swift */; };
		FD44FF3F26CFC97000EA8C41 /* Main.storyboard in Resources */ = {isa = PBXBuildFile; fileRef = FD44FF3D26CFC97000EA8C41 /* Main.storyboard */; };
		FD44FF4126CFC97300EA8C41 /* Assets.xcassets in Resources */ = {isa = PBXBuildFile; fileRef = FD44FF4026CFC97300EA8C41 /* Assets.xcassets */; };
		FD44FF4426CFC97300EA8C41 /* LaunchScreen.storyboard in Resources */ = {isa = PBXBuildFile; fileRef = FD44FF4226CFC97300EA8C41 /* LaunchScreen.storyboard */; };
		FD44FF4F26CFC97300EA8C41 /* PokemonMVCAppTests.swift in Sources */ = {isa = PBXBuildFile; fileRef = FD44FF4E26CFC97300EA8C41 /* PokemonMVCAppTests.swift */; };
		FD44FF5A26CFC97300EA8C41 /* PokemonMVCAppUITests.swift in Sources */ = {isa = PBXBuildFile; fileRef = FD44FF5926CFC97300EA8C41 /* PokemonMVCAppUITests.swift */; };
		FD44FF6D26CFC9DE00EA8C41 /* PokemonController.swift in Sources */ = {isa = PBXBuildFile; fileRef = FD44FF6C26CFC9DE00EA8C41 /* PokemonController.swift */; };
		FD44FF6F26CFCC4200EA8C41 /* Extensions.swift in Sources */ = {isa = PBXBuildFile; fileRef = FD44FF6E26CFCC4200EA8C41 /* Extensions.swift */; };
		FD44FF7126CFD0CA00EA8C41 /* PokemonCellView.swift in Sources */ = {isa = PBXBuildFile; fileRef = FD44FF7026CFD0CA00EA8C41 /* PokemonCellView.swift */; };
		FDA0E53226D92B0000051E31 /* PokemonInfoController.swift in Sources */ = {isa = PBXBuildFile; fileRef = FDA0E53126D92B0000051E31 /* PokemonInfoController.swift */; };
		FDEE081D26D3F41B00A33340 /* Pokemon.swift in Sources */ = {isa = PBXBuildFile; fileRef = FDEE081C26D3F41B00A33340 /* Pokemon.swift */; };
		FDEE083F26D3FE8300A33340 /* Service.swift in Sources */ = {isa = PBXBuildFile; fileRef = FDEE083E26D3FE8300A33340 /* Service.swift */; };
/* End PBXBuildFile section */

/* Begin PBXContainerItemProxy section */
		FD44FF4B26CFC97300EA8C41 /* PBXContainerItemProxy */ = {
			isa = PBXContainerItemProxy;
			containerPortal = FD44FF2C26CFC97000EA8C41 /* Project object */;
			proxyType = 1;
			remoteGlobalIDString = FD44FF3326CFC97000EA8C41;
			remoteInfo = PokemonMVCApp;
		};
		FD44FF5626CFC97300EA8C41 /* PBXContainerItemProxy */ = {
			isa = PBXContainerItemProxy;
			containerPortal = FD44FF2C26CFC97000EA8C41 /* Project object */;
			proxyType = 1;
			remoteGlobalIDString = FD44FF3326CFC97000EA8C41;
			remoteInfo = PokemonMVCApp;
		};
/* End PBXContainerItemProxy section */

/* Begin PBXFileReference section */
		FD2C2B2226D66CA8007BA415 /* PokemonInfoView.swift */ = {isa = PBXFileReference; lastKnownFileType = sourcecode.swift; path = PokemonInfoView.swift; sourceTree = "<group>"; };
		FD44FF3426CFC97000EA8C41 /* PokemonMVCApp.app */ = {isa = PBXFileReference; explicitFileType = wrapper.application; includeInIndex = 0; path = PokemonMVCApp.app; sourceTree = BUILT_PRODUCTS_DIR; };
		FD44FF3726CFC97000EA8C41 /* AppDelegate.swift */ = {isa = PBXFileReference; lastKnownFileType = sourcecode.swift; path = AppDelegate.swift; sourceTree = "<group>"; };
		FD44FF3926CFC97000EA8C41 /* SceneDelegate.swift */ = {isa = PBXFileReference; lastKnownFileType = sourcecode.swift; path = SceneDelegate.swift; sourceTree = "<group>"; };
		FD44FF3B26CFC97000EA8C41 /* ViewController.swift */ = {isa = PBXFileReference; lastKnownFileType = sourcecode.swift; path = ViewController.swift; sourceTree = "<group>"; };
		FD44FF3E26CFC97000EA8C41 /* Base */ = {isa = PBXFileReference; lastKnownFileType = file.storyboard; name = Base; path = Base.lproj/Main.storyboard; sourceTree = "<group>"; };
		FD44FF4026CFC97300EA8C41 /* Assets.xcassets */ = {isa = PBXFileReference; lastKnownFileType = folder.assetcatalog; path = Assets.xcassets; sourceTree = "<group>"; };
		FD44FF4326CFC97300EA8C41 /* Base */ = {isa = PBXFileReference; lastKnownFileType = file.storyboard; name = Base; path = Base.lproj/LaunchScreen.storyboard; sourceTree = "<group>"; };
		FD44FF4526CFC97300EA8C41 /* Info.plist */ = {isa = PBXFileReference; lastKnownFileType = text.plist.xml; path = Info.plist; sourceTree = "<group>"; };
		FD44FF4A26CFC97300EA8C41 /* PokemonMVCAppTests.xctest */ = {isa = PBXFileReference; explicitFileType = wrapper.cfbundle; includeInIndex = 0; path = PokemonMVCAppTests.xctest; sourceTree = BUILT_PRODUCTS_DIR; };
		FD44FF4E26CFC97300EA8C41 /* PokemonMVCAppTests.swift */ = {isa = PBXFileReference; lastKnownFileType = sourcecode.swift; path = PokemonMVCAppTests.swift; sourceTree = "<group>"; };
		FD44FF5026CFC97300EA8C41 /* Info.plist */ = {isa = PBXFileReference; lastKnownFileType = text.plist.xml; path = Info.plist; sourceTree = "<group>"; };
		FD44FF5526CFC97300EA8C41 /* PokemonMVCAppUITests.xctest */ = {isa = PBXFileReference; explicitFileType = wrapper.cfbundle; includeInIndex = 0; path = PokemonMVCAppUITests.xctest; sourceTree = BUILT_PRODUCTS_DIR; };
		FD44FF5926CFC97300EA8C41 /* PokemonMVCAppUITests.swift */ = {isa = PBXFileReference; lastKnownFileType = sourcecode.swift; path = PokemonMVCAppUITests.swift; sourceTree = "<group>"; };
		FD44FF5B26CFC97300EA8C41 /* Info.plist */ = {isa = PBXFileReference; lastKnownFileType = text.plist.xml; path = Info.plist; sourceTree = "<group>"; };
		FD44FF6C26CFC9DE00EA8C41 /* PokemonController.swift */ = {isa = PBXFileReference; lastKnownFileType = sourcecode.swift; path = PokemonController.swift; sourceTree = "<group>"; };
		FD44FF6E26CFCC4200EA8C41 /* Extensions.swift */ = {isa = PBXFileReference; lastKnownFileType = sourcecode.swift; path = Extensions.swift; sourceTree = "<group>"; };
		FD44FF7026CFD0CA00EA8C41 /* PokemonCellView.swift */ = {isa = PBXFileReference; lastKnownFileType = sourcecode.swift; path = PokemonCellView.swift; sourceTree = "<group>"; };
		FDA0E53126D92B0000051E31 /* PokemonInfoController.swift */ = {isa = PBXFileReference; lastKnownFileType = sourcecode.swift; path = PokemonInfoController.swift; sourceTree = "<group>"; };
		FDEE081C26D3F41B00A33340 /* Pokemon.swift */ = {isa = PBXFileReference; lastKnownFileType = sourcecode.swift; path = Pokemon.swift; sourceTree = "<group>"; };
		FDEE083E26D3FE8300A33340 /* Service.swift */ = {isa = PBXFileReference; lastKnownFileType = sourcecode.swift; path = Service.swift; sourceTree = "<group>"; };
/* End PBXFileReference section */

/* Begin PBXFrameworksBuildPhase section */
		FD44FF3126CFC97000EA8C41 /* Frameworks */ = {
			isa = PBXFrameworksBuildPhase;
			buildActionMask = 2147483647;
			files = (
			);
			runOnlyForDeploymentPostprocessing = 0;
		};
		FD44FF4726CFC97300EA8C41 /* Frameworks */ = {
			isa = PBXFrameworksBuildPhase;
			buildActionMask = 2147483647;
			files = (
			);
			runOnlyForDeploymentPostprocessing = 0;
		};
		FD44FF5226CFC97300EA8C41 /* Frameworks */ = {
			isa = PBXFrameworksBuildPhase;
			buildActionMask = 2147483647;
			files = (
			);
			runOnlyForDeploymentPostprocessing = 0;
		};
/* End PBXFrameworksBuildPhase section */

/* Begin PBXGroup section */
		FD44FF2B26CFC97000EA8C41 = {
			isa = PBXGroup;
			children = (
				FD44FF3626CFC97000EA8C41 /* PokemonMVCApp */,
				FD44FF4D26CFC97300EA8C41 /* PokemonMVCAppTests */,
				FD44FF5826CFC97300EA8C41 /* PokemonMVCAppUITests */,
				FD44FF3526CFC97000EA8C41 /* Products */,
			);
			sourceTree = "<group>";
		};
		FD44FF3526CFC97000EA8C41 /* Products */ = {
			isa = PBXGroup;
			children = (
				FD44FF3426CFC97000EA8C41 /* PokemonMVCApp.app */,
				FD44FF4A26CFC97300EA8C41 /* PokemonMVCAppTests.xctest */,
				FD44FF5526CFC97300EA8C41 /* PokemonMVCAppUITests.xctest */,
			);
			name = Products;
			sourceTree = "<group>";
		};
		FD44FF3626CFC97000EA8C41 /* PokemonMVCApp */ = {
			isa = PBXGroup;
			children = (
				FD44FF6B26CFC9A400EA8C41 /* Model */,
				FD44FF6A26CFC9A200EA8C41 /* View */,
				FD44FF6926CFC99F00EA8C41 /* Controller */,
				FD44FF6826CFC99C00EA8C41 /* Service */,
				FD44FF6726CFC99500EA8C41 /* Util */,
				FD44FF3726CFC97000EA8C41 /* AppDelegate.swift */,
				FD44FF3926CFC97000EA8C41 /* SceneDelegate.swift */,
				FD44FF3B26CFC97000EA8C41 /* ViewController.swift */,
				FD44FF3D26CFC97000EA8C41 /* Main.storyboard */,
				FD44FF4026CFC97300EA8C41 /* Assets.xcassets */,
				FD44FF4226CFC97300EA8C41 /* LaunchScreen.storyboard */,
				FD44FF4526CFC97300EA8C41 /* Info.plist */,
			);
			path = PokemonMVCApp;
			sourceTree = "<group>";
		};
		FD44FF4D26CFC97300EA8C41 /* PokemonMVCAppTests */ = {
			isa = PBXGroup;
			children = (
				FD44FF4E26CFC97300EA8C41 /* PokemonMVCAppTests.swift */,
				FD44FF5026CFC97300EA8C41 /* Info.plist */,
			);
			path = PokemonMVCAppTests;
			sourceTree = "<group>";
		};
		FD44FF5826CFC97300EA8C41 /* PokemonMVCAppUITests */ = {
			isa = PBXGroup;
			children = (
				FD44FF5926CFC97300EA8C41 /* PokemonMVCAppUITests.swift */,
				FD44FF5B26CFC97300EA8C41 /* Info.plist */,
			);
			path = PokemonMVCAppUITests;
			sourceTree = "<group>";
		};
		FD44FF6726CFC99500EA8C41 /* Util */ = {
			isa = PBXGroup;
			children = (
				FD44FF6E26CFCC4200EA8C41 /* Extensions.swift */,
			);
			path = Util;
			sourceTree = "<group>";
		};
		FD44FF6826CFC99C00EA8C41 /* Service */ = {
			isa = PBXGroup;
			children = (
				FDEE083E26D3FE8300A33340 /* Service.swift */,
			);
			path = Service;
			sourceTree = "<group>";
		};
		FD44FF6926CFC99F00EA8C41 /* Controller */ = {
			isa = PBXGroup;
			children = (
				FD44FF6C26CFC9DE00EA8C41 /* PokemonController.swift */,
				FDA0E53126D92B0000051E31 /* PokemonInfoController.swift */,
			);
			path = Controller;
			sourceTree = "<group>";
		};
		FD44FF6A26CFC9A200EA8C41 /* View */ = {
			isa = PBXGroup;
			children = (
				FD44FF7026CFD0CA00EA8C41 /* PokemonCellView.swift */,
				FD2C2B2226D66CA8007BA415 /* PokemonInfoView.swift */,
			);
			path = View;
			sourceTree = "<group>";
		};
		FD44FF6B26CFC9A400EA8C41 /* Model */ = {
			isa = PBXGroup;
			children = (
				FDEE081C26D3F41B00A33340 /* Pokemon.swift */,
			);
			path = Model;
			sourceTree = "<group>";
		};
/* End PBXGroup section */

/* Begin PBXNativeTarget section */
		FD44FF3326CFC97000EA8C41 /* PokemonMVCApp */ = {
			isa = PBXNativeTarget;
			buildConfigurationList = FD44FF5E26CFC97300EA8C41 /* Build configuration list for PBXNativeTarget "PokemonMVCApp" */;
			buildPhases = (
				FD44FF3026CFC97000EA8C41 /* Sources */,
				FD44FF3126CFC97000EA8C41 /* Frameworks */,
				FD44FF3226CFC97000EA8C41 /* Resources */,
			);
			buildRules = (
			);
			dependencies = (
			);
			name = PokemonMVCApp;
			productName = PokemonMVCApp;
			productReference = FD44FF3426CFC97000EA8C41 /* PokemonMVCApp.app */;
			productType = "com.apple.product-type.application";
		};
		FD44FF4926CFC97300EA8C41 /* PokemonMVCAppTests */ = {
			isa = PBXNativeTarget;
			buildConfigurationList = FD44FF6126CFC97300EA8C41 /* Build configuration list for PBXNativeTarget "PokemonMVCAppTests" */;
			buildPhases = (
				FD44FF4626CFC97300EA8C41 /* Sources */,
				FD44FF4726CFC97300EA8C41 /* Frameworks */,
				FD44FF4826CFC97300EA8C41 /* Resources */,
			);
			buildRules = (
			);
			dependencies = (
				FD44FF4C26CFC97300EA8C41 /* PBXTargetDependency */,
			);
			name = PokemonMVCAppTests;
			productName = PokemonMVCAppTests;
			productReference = FD44FF4A26CFC97300EA8C41 /* PokemonMVCAppTests.xctest */;
			productType = "com.apple.product-type.bundle.unit-test";
		};
		FD44FF5426CFC97300EA8C41 /* PokemonMVCAppUITests */ = {
			isa = PBXNativeTarget;
			buildConfigurationList = FD44FF6426CFC97300EA8C41 /* Build configuration list for PBXNativeTarget "PokemonMVCAppUITests" */;
			buildPhases = (
				FD44FF5126CFC97300EA8C41 /* Sources */,
				FD44FF5226CFC97300EA8C41 /* Frameworks */,
				FD44FF5326CFC97300EA8C41 /* Resources */,
			);
			buildRules = (
			);
			dependencies = (
				FD44FF5726CFC97300EA8C41 /* PBXTargetDependency */,
			);
			name = PokemonMVCAppUITests;
			productName = PokemonMVCAppUITests;
			productReference = FD44FF5526CFC97300EA8C41 /* PokemonMVCAppUITests.xctest */;
			productType = "com.apple.product-type.bundle.ui-testing";
		};
/* End PBXNativeTarget section */

/* Begin PBXProject section */
		FD44FF2C26CFC97000EA8C41 /* Project object */ = {
			isa = PBXProject;
			attributes = {
				LastSwiftUpdateCheck = 1250;
				LastUpgradeCheck = 1250;
				TargetAttributes = {
					FD44FF3326CFC97000EA8C41 = {
						CreatedOnToolsVersion = 12.5.1;
					};
					FD44FF4926CFC97300EA8C41 = {
						CreatedOnToolsVersion = 12.5.1;
						TestTargetID = FD44FF3326CFC97000EA8C41;
					};
					FD44FF5426CFC97300EA8C41 = {
						CreatedOnToolsVersion = 12.5.1;
						TestTargetID = FD44FF3326CFC97000EA8C41;
					};
				};
			};
			buildConfigurationList = FD44FF2F26CFC97000EA8C41 /* Build configuration list for PBXProject "PokemonMVCApp" */;
			compatibilityVersion = "Xcode 9.3";
			developmentRegion = en;
			hasScannedForEncodings = 0;
			knownRegions = (
				en,
				Base,
			);
			mainGroup = FD44FF2B26CFC97000EA8C41;
			productRefGroup = FD44FF3526CFC97000EA8C41 /* Products */;
			projectDirPath = "";
			projectRoot = "";
			targets = (
				FD44FF3326CFC97000EA8C41 /* PokemonMVCApp */,
				FD44FF4926CFC97300EA8C41 /* PokemonMVCAppTests */,
				FD44FF5426CFC97300EA8C41 /* PokemonMVCAppUITests */,
			);
		};
/* End PBXProject section */

/* Begin PBXResourcesBuildPhase section */
		FD44FF3226CFC97000EA8C41 /* Resources */ = {
			isa = PBXResourcesBuildPhase;
			buildActionMask = 2147483647;
			files = (
				FD44FF4426CFC97300EA8C41 /* LaunchScreen.storyboard in Resources */,
				FD44FF4126CFC97300EA8C41 /* Assets.xcassets in Resources */,
				FD44FF3F26CFC97000EA8C41 /* Main.storyboard in Resources */,
			);
			runOnlyForDeploymentPostprocessing = 0;
		};
		FD44FF4826CFC97300EA8C41 /* Resources */ = {
			isa = PBXResourcesBuildPhase;
			buildActionMask = 2147483647;
			files = (
			);
			runOnlyForDeploymentPostprocessing = 0;
		};
		FD44FF5326CFC97300EA8C41 /* Resources */ = {
			isa = PBXResourcesBuildPhase;
			buildActionMask = 2147483647;
			files = (
			);
			runOnlyForDeploymentPostprocessing = 0;
		};
/* End PBXResourcesBuildPhase section */

/* Begin PBXSourcesBuildPhase section */
		FD44FF3026CFC97000EA8C41 /* Sources */ = {
			isa = PBXSourcesBuildPhase;
			buildActionMask = 2147483647;
			files = (
				FD44FF7126CFD0CA00EA8C41 /* PokemonCellView.swift in Sources */,
				FDA0E53226D92B0000051E31 /* PokemonInfoController.swift in Sources */,
				FDEE083F26D3FE8300A33340 /* Service.swift in Sources */,
				FD44FF6F26CFCC4200EA8C41 /* Extensions.swift in Sources */,
				FD2C2B2326D66CA8007BA415 /* PokemonInfoView.swift in Sources */,
				FDEE081D26D3F41B00A33340 /* Pokemon.swift in Sources */,
				FD44FF3C26CFC97000EA8C41 /* ViewController.swift in Sources */,
				FD44FF3826CFC97000EA8C41 /* AppDelegate.swift in Sources */,
				FD44FF3A26CFC97000EA8C41 /* SceneDelegate.swift in Sources */,
				FD44FF6D26CFC9DE00EA8C41 /* PokemonController.swift in Sources */,
			);
			runOnlyForDeploymentPostprocessing = 0;
		};
		FD44FF4626CFC97300EA8C41 /* Sources */ = {
			isa = PBXSourcesBuildPhase;
			buildActionMask = 2147483647;
			files = (
				FD44FF4F26CFC97300EA8C41 /* PokemonMVCAppTests.swift in Sources */,
			);
			runOnlyForDeploymentPostprocessing = 0;
		};
		FD44FF5126CFC97300EA8C41 /* Sources */ = {
			isa = PBXSourcesBuildPhase;
			buildActionMask = 2147483647;
			files = (
				FD44FF5A26CFC97300EA8C41 /* PokemonMVCAppUITests.swift in Sources */,
			);
			runOnlyForDeploymentPostprocessing = 0;
		};
/* End PBXSourcesBuildPhase section */

/* Begin PBXTargetDependency section */
		FD44FF4C26CFC97300EA8C41 /* PBXTargetDependency */ = {
			isa = PBXTargetDependency;
			target = FD44FF3326CFC97000EA8C41 /* PokemonMVCApp */;
			targetProxy = FD44FF4B26CFC97300EA8C41 /* PBXContainerItemProxy */;
		};
		FD44FF5726CFC97300EA8C41 /* PBXTargetDependency */ = {
			isa = PBXTargetDependency;
			target = FD44FF3326CFC97000EA8C41 /* PokemonMVCApp */;
			targetProxy = FD44FF5626CFC97300EA8C41 /* PBXContainerItemProxy */;
		};
/* End PBXTargetDependency section */

/* Begin PBXVariantGroup section */
		FD44FF3D26CFC97000EA8C41 /* Main.storyboard */ = {
			isa = PBXVariantGroup;
			children = (
				FD44FF3E26CFC97000EA8C41 /* Base */,
			);
			name = Main.storyboard;
			sourceTree = "<group>";
		};
		FD44FF4226CFC97300EA8C41 /* LaunchScreen.storyboard */ = {
			isa = PBXVariantGroup;
			children = (
				FD44FF4326CFC97300EA8C41 /* Base */,
			);
			name = LaunchScreen.storyboard;
			sourceTree = "<group>";
		};
/* End PBXVariantGroup section */

/* Begin XCBuildConfiguration section */
		FD44FF5C26CFC97300EA8C41 /* Debug */ = {
			isa = XCBuildConfiguration;
			buildSettings = {
				ALWAYS_SEARCH_USER_PATHS = NO;
				CLANG_ANALYZER_NONNULL = YES;
				CLANG_ANALYZER_NUMBER_OBJECT_CONVERSION = YES_AGGRESSIVE;
				CLANG_CXX_LANGUAGE_STANDARD = "gnu++14";
				CLANG_CXX_LIBRARY = "libc++";
				CLANG_ENABLE_MODULES = YES;
				CLANG_ENABLE_OBJC_ARC = YES;
				CLANG_ENABLE_OBJC_WEAK = YES;
				CLANG_WARN_BLOCK_CAPTURE_AUTORELEASING = YES;
				CLANG_WARN_BOOL_CONVERSION = YES;
				CLANG_WARN_COMMA = YES;
				CLANG_WARN_CONSTANT_CONVERSION = YES;
				CLANG_WARN_DEPRECATED_OBJC_IMPLEMENTATIONS = YES;
				CLANG_WARN_DIRECT_OBJC_ISA_USAGE = YES_ERROR;
				CLANG_WARN_DOCUMENTATION_COMMENTS = YES;
				CLANG_WARN_EMPTY_BODY = YES;
				CLANG_WARN_ENUM_CONVERSION = YES;
				CLANG_WARN_INFINITE_RECURSION = YES;
				CLANG_WARN_INT_CONVERSION = YES;
				CLANG_WARN_NON_LITERAL_NULL_CONVERSION = YES;
				CLANG_WARN_OBJC_IMPLICIT_RETAIN_SELF = YES;
				CLANG_WARN_OBJC_LITERAL_CONVERSION = YES;
				CLANG_WARN_OBJC_ROOT_CLASS = YES_ERROR;
				CLANG_WARN_QUOTED_INCLUDE_IN_FRAMEWORK_HEADER = YES;
				CLANG_WARN_RANGE_LOOP_ANALYSIS = YES;
				CLANG_WARN_STRICT_PROTOTYPES = YES;
				CLANG_WARN_SUSPICIOUS_MOVE = YES;
				CLANG_WARN_UNGUARDED_AVAILABILITY = YES_AGGRESSIVE;
				CLANG_WARN_UNREACHABLE_CODE = YES;
				CLANG_WARN__DUPLICATE_METHOD_MATCH = YES;
				COPY_PHASE_STRIP = NO;
				DEBUG_INFORMATION_FORMAT = dwarf;
				ENABLE_STRICT_OBJC_MSGSEND = YES;
				ENABLE_TESTABILITY = YES;
				GCC_C_LANGUAGE_STANDARD = gnu11;
				GCC_DYNAMIC_NO_PIC = NO;
				GCC_NO_COMMON_BLOCKS = YES;
				GCC_OPTIMIZATION_LEVEL = 0;
				GCC_PREPROCESSOR_DEFINITIONS = (
					"DEBUG=1",
					"$(inherited)",
				);
				GCC_WARN_64_TO_32_BIT_CONVERSION = YES;
				GCC_WARN_ABOUT_RETURN_TYPE = YES_ERROR;
				GCC_WARN_UNDECLARED_SELECTOR = YES;
				GCC_WARN_UNINITIALIZED_AUTOS = YES_AGGRESSIVE;
				GCC_WARN_UNUSED_FUNCTION = YES;
				GCC_WARN_UNUSED_VARIABLE = YES;
				IPHONEOS_DEPLOYMENT_TARGET = 14.5;
				MTL_ENABLE_DEBUG_INFO = INCLUDE_SOURCE;
				MTL_FAST_MATH = YES;
				ONLY_ACTIVE_ARCH = YES;
				SDKROOT = iphoneos;
				SWIFT_ACTIVE_COMPILATION_CONDITIONS = DEBUG;
				SWIFT_OPTIMIZATION_LEVEL = "-Onone";
			};
			name = Debug;
		};
		FD44FF5D26CFC97300EA8C41 /* Release */ = {
			isa = XCBuildConfiguration;
			buildSettings = {
				ALWAYS_SEARCH_USER_PATHS = NO;
				CLANG_ANALYZER_NONNULL = YES;
				CLANG_ANALYZER_NUMBER_OBJECT_CONVERSION = YES_AGGRESSIVE;
				CLANG_CXX_LANGUAGE_STANDARD = "gnu++14";
				CLANG_CXX_LIBRARY = "libc++";
				CLANG_ENABLE_MODULES = YES;
				CLANG_ENABLE_OBJC_ARC = YES;
				CLANG_ENABLE_OBJC_WEAK = YES;
				CLANG_WARN_BLOCK_CAPTURE_AUTORELEASING = YES;
				CLANG_WARN_BOOL_CONVERSION = YES;
				CLANG_WARN_COMMA = YES;
				CLANG_WARN_CONSTANT_CONVERSION = YES;
				CLANG_WARN_DEPRECATED_OBJC_IMPLEMENTATIONS = YES;
				CLANG_WARN_DIRECT_OBJC_ISA_USAGE = YES_ERROR;
				CLANG_WARN_DOCUMENTATION_COMMENTS = YES;
				CLANG_WARN_EMPTY_BODY = YES;
				CLANG_WARN_ENUM_CONVERSION = YES;
				CLANG_WARN_INFINITE_RECURSION = YES;
				CLANG_WARN_INT_CONVERSION = YES;
				CLANG_WARN_NON_LITERAL_NULL_CONVERSION = YES;
				CLANG_WARN_OBJC_IMPLICIT_RETAIN_SELF = YES;
				CLANG_WARN_OBJC_LITERAL_CONVERSION = YES;
				CLANG_WARN_OBJC_ROOT_CLASS = YES_ERROR;
				CLANG_WARN_QUOTED_INCLUDE_IN_FRAMEWORK_HEADER = YES;
				CLANG_WARN_RANGE_LOOP_ANALYSIS = YES;
				CLANG_WARN_STRICT_PROTOTYPES = YES;
				CLANG_WARN_SUSPICIOUS_MOVE = YES;
				CLANG_WARN_UNGUARDED_AVAILABILITY = YES_AGGRESSIVE;
				CLANG_WARN_UNREACHABLE_CODE = YES;
				CLANG_WARN__DUPLICATE_METHOD_MATCH = YES;
				COPY_PHASE_STRIP = NO;
				DEBUG_INFORMATION_FORMAT = "dwarf-with-dsym";
				ENABLE_NS_ASSERTIONS = NO;
				ENABLE_STRICT_OBJC_MSGSEND = YES;
				GCC_C_LANGUAGE_STANDARD = gnu11;
				GCC_NO_COMMON_BLOCKS = YES;
				GCC_WARN_64_TO_32_BIT_CONVERSION = YES;
				GCC_WARN_ABOUT_RETURN_TYPE = YES_ERROR;
				GCC_WARN_UNDECLARED_SELECTOR = YES;
				GCC_WARN_UNINITIALIZED_AUTOS = YES_AGGRESSIVE;
				GCC_WARN_UNUSED_FUNCTION = YES;
				GCC_WARN_UNUSED_VARIABLE = YES;
				IPHONEOS_DEPLOYMENT_TARGET = 14.5;
				MTL_ENABLE_DEBUG_INFO = NO;
				MTL_FAST_MATH = YES;
				SDKROOT = iphoneos;
				SWIFT_COMPILATION_MODE = wholemodule;
				SWIFT_OPTIMIZATION_LEVEL = "-O";
				VALIDATE_PRODUCT = YES;
			};
			name = Release;
		};
		FD44FF5F26CFC97300EA8C41 /* Debug */ = {
			isa = XCBuildConfiguration;
			buildSettings = {
				ASSETCATALOG_COMPILER_APPICON_NAME = AppIcon;
				ASSETCATALOG_COMPILER_GLOBAL_ACCENT_COLOR_NAME = AccentColor;
				CODE_SIGN_STYLE = Automatic;
				DEVELOPMENT_TEAM = CB2FL454D9;
				INFOPLIST_FILE = PokemonMVCApp/Info.plist;
				LD_RUNPATH_SEARCH_PATHS = (
					"$(inherited)",
					"@executable_path/Frameworks",
				);
				PRODUCT_BUNDLE_IDENTIFIER = com.tolgakucuk.PokemonMVCApp;
				PRODUCT_NAME = "$(TARGET_NAME)";
				SWIFT_VERSION = 5.0;
				TARGETED_DEVICE_FAMILY = "1,2";
			};
			name = Debug;
		};
		FD44FF6026CFC97300EA8C41 /* Release */ = {
			isa = XCBuildConfiguration;
			buildSettings = {
				ASSETCATALOG_COMPILER_APPICON_NAME = AppIcon;
				ASSETCATALOG_COMPILER_GLOBAL_ACCENT_COLOR_NAME = AccentColor;
				CODE_SIGN_STYLE = Automatic;
				DEVELOPMENT_TEAM = CB2FL454D9;
				INFOPLIST_FILE = PokemonMVCApp/Info.plist;
				LD_RUNPATH_SEARCH_PATHS = (
					"$(inherited)",
					"@executable_path/Frameworks",
				);
				PRODUCT_BUNDLE_IDENTIFIER = com.tolgakucuk.PokemonMVCApp;
				PRODUCT_NAME = "$(TARGET_NAME)";
				SWIFT_VERSION = 5.0;
				TARGETED_DEVICE_FAMILY = "1,2";
			};
			name = Release;
		};
		FD44FF6226CFC97300EA8C41 /* Debug */ = {
			isa = XCBuildConfiguration;
			buildSettings = {
				ALWAYS_EMBED_SWIFT_STANDARD_LIBRARIES = YES;
				BUNDLE_LOADER = "$(TEST_HOST)";
				CODE_SIGN_STYLE = Automatic;
				INFOPLIST_FILE = PokemonMVCAppTests/Info.plist;
				IPHONEOS_DEPLOYMENT_TARGET = 14.5;
				LD_RUNPATH_SEARCH_PATHS = (
					"$(inherited)",
					"@executable_path/Frameworks",
					"@loader_path/Frameworks",
				);
				PRODUCT_BUNDLE_IDENTIFIER = com.tolgakucuk.PokemonMVCAppTests;
				PRODUCT_NAME = "$(TARGET_NAME)";
				SWIFT_VERSION = 5.0;
				TARGETED_DEVICE_FAMILY = "1,2";
				TEST_HOST = "$(BUILT_PRODUCTS_DIR)/PokemonMVCApp.app/PokemonMVCApp";
			};
			name = Debug;
		};
		FD44FF6326CFC97300EA8C41 /* Release */ = {
			isa = XCBuildConfiguration;
			buildSettings = {
				ALWAYS_EMBED_SWIFT_STANDARD_LIBRARIES = YES;
				BUNDLE_LOADER = "$(TEST_HOST)";
				CODE_SIGN_STYLE = Automatic;
				INFOPLIST_FILE = PokemonMVCAppTests/Info.plist;
				IPHONEOS_DEPLOYMENT_TARGET = 14.5;
				LD_RUNPATH_SEARCH_PATHS = (
					"$(inherited)",
					"@executable_path/Frameworks",
					"@loader_path/Frameworks",
				);
				PRODUCT_BUNDLE_IDENTIFIER = com.tolgakucuk.PokemonMVCAppTests;
				PRODUCT_NAME = "$(TARGET_NAME)";
				SWIFT_VERSION = 5.0;
				TARGETED_DEVICE_FAMILY = "1,2";
				TEST_HOST = "$(BUILT_PRODUCTS_DIR)/PokemonMVCApp.app/PokemonMVCApp";
			};
			name = Release;
		};
		FD44FF6526CFC97300EA8C41 /* Debug */ = {
			isa = XCBuildConfiguration;
			buildSettings = {
				ALWAYS_EMBED_SWIFT_STANDARD_LIBRARIES = YES;
				CODE_SIGN_STYLE = Automatic;
				INFOPLIST_FILE = PokemonMVCAppUITests/Info.plist;
				LD_RUNPATH_SEARCH_PATHS = (
					"$(inherited)",
					"@executable_path/Frameworks",
					"@loader_path/Frameworks",
				);
				PRODUCT_BUNDLE_IDENTIFIER = com.tolgakucuk.PokemonMVCAppUITests;
				PRODUCT_NAME = "$(TARGET_NAME)";
				SWIFT_VERSION = 5.0;
				TARGETED_DEVICE_FAMILY = "1,2";
				TEST_TARGET_NAME = PokemonMVCApp;
			};
			name = Debug;
		};
		FD44FF6626CFC97300EA8C41 /* Release */ = {
			isa = XCBuildConfiguration;
			buildSettings = {
				ALWAYS_EMBED_SWIFT_STANDARD_LIBRARIES = YES;
				CODE_SIGN_STYLE = Automatic;
				INFOPLIST_FILE = PokemonMVCAppUITests/Info.plist;
				LD_RUNPATH_SEARCH_PATHS = (
					"$(inherited)",
					"@executable_path/Frameworks",
					"@loader_path/Frameworks",
				);
				PRODUCT_BUNDLE_IDENTIFIER = com.tolgakucuk.PokemonMVCAppUITests;
				PRODUCT_NAME = "$(TARGET_NAME)";
				SWIFT_VERSION = 5.0;
				TARGETED_DEVICE_FAMILY = "1,2";
				TEST_TARGET_NAME = PokemonMVCApp;
			};
			name = Release;
		};
/* End XCBuildConfiguration section */

/* Begin XCConfigurationList section */
		FD44FF2F26CFC97000EA8C41 /* Build configuration list for PBXProject "PokemonMVCApp" */ = {
			isa = XCConfigurationList;
			buildConfigurations = (
				FD44FF5C26CFC97300EA8C41 /* Debug */,
				FD44FF5D26CFC97300EA8C41 /* Release */,
			);
			defaultConfigurationIsVisible = 0;
			defaultConfigurationName = Release;
		};
		FD44FF5E26CFC97300EA8C41 /* Build configuration list for PBXNativeTarget "PokemonMVCApp" */ = {
			isa = XCConfigurationList;
			buildConfigurations = (
				FD44FF5F26CFC97300EA8C41 /* Debug */,
				FD44FF6026CFC97300EA8C41 /* Release */,
			);
			defaultConfigurationIsVisible = 0;
			defaultConfigurationName = Release;
		};
		FD44FF6126CFC97300EA8C41 /* Build configuration list for PBXNativeTarget "PokemonMVCAppTests" */ = {
			isa = XCConfigurationList;
			buildConfigurations = (
				FD44FF6226CFC97300EA8C41 /* Debug */,
				FD44FF6326CFC97300EA8C41 /* Release */,
			);
			defaultConfigurationIsVisible = 0;
			defaultConfigurationName = Release;
		};
		FD44FF6426CFC97300EA8C41 /* Build configuration list for PBXNativeTarget "PokemonMVCAppUITests" */ = {
			isa = XCConfigurationList;
			buildConfigurations = (
				FD44FF6526CFC97300EA8C41 /* Debug */,
				FD44FF6626CFC97300EA8C41 /* Release */,
			);
			defaultConfigurationIsVisible = 0;
			defaultConfigurationName = Release;
		};
/* End XCConfigurationList section */
	};
	rootObject = FD44FF2C26CFC97000EA8C41 /* Project object */;
}
